PODS:
  - Alamofire (5.4.4)
  - DyteSdk (1.23)

DEPENDENCIES:
  - Alamofire
  - DyteSdk

SPEC REPOS:
  trunk:
    - Alamofire
    - DyteSdk

SPEC CHECKSUMS:
  Alamofire: f3b09a368f1582ab751b3fff5460276e0d2cf5c9
  DyteSdk: bf01d35c234a9865d5862e94e1253a2033018583

PODFILE CHECKSUM: f06ea2e92afa900f9147f3abcfeb133a67e4bc8c

COCOAPODS: 1.10.1
