PODS:
  - Alamofire (5.4.4)
  - DyteSdk (1.26)

DEPENDENCIES:
  - Alamofire
  - DyteSdk

SPEC REPOS:
  trunk:
    - Alamofire
    - DyteSdk

SPEC CHECKSUMS:
  Alamofire: f3b09a368f1582ab751b3fff5460276e0d2cf5c9
  DyteSdk: 3042b951bdea586999774e0a35be21c3cd02a21b

PODFILE CHECKSUM: f06ea2e92afa900f9147f3abcfeb133a67e4bc8c

COCOAPODS: 1.11.2
