PODS:
  - Alamofire (5.5.0)
  - DyteSdk (1.34.1):
    - LogRocket (= 0.28.0)
  - LogRocket (0.28.0)

DEPENDENCIES:
  - Alamofire
  - DyteSdk (= 1.34.1)

SPEC REPOS:
  trunk:
    - Alamofire
    - DyteSdk
    - LogRocket

SPEC CHECKSUMS:
  Alamofire: 1c4fb5369c3fe93d2857c780d8bbe09f06f97e7c
  DyteSdk: 7030abb07e2fe37f5c905bdb01173cc7609a4ccb
  LogRocket: e9ae047f19ae6598e10234aa4d43906d55af1ae0

PODFILE CHECKSUM: 74d89afd383606637b97857b0546498348b787be

COCOAPODS: 1.10.1
